
Microsoft Visual Studio Solution File, Format Version 12.00
# Visual Studio 15
VisualStudioVersion = 15.0.28307.757
MinimumVisualStudioVersion = 10.0.40219.1
Project("{FAE04EC0-301F-11D3-BF4B-00C04F79EFBC}") = "OK-Project", "OK-Project\OK-Project.csproj", "{14A64F35-D71B-4D0D-8572-60EDBA74C209}"
EndProject
Global
	GlobalSection(SolutionConfigurationPlatforms) = preSolution
		Debug|Any CPU = Debug|Any CPU
		Release|Any CPU = Release|Any CPU
	EndGlobalSection
	GlobalSection(ProjectConfigurationPlatforms) = postSolution
		{14A64F35-D71B-4D0D-8572-60EDBA74C209}.Debug|Any CPU.ActiveCfg = Debug|Any CPU
		{14A64F35-D71B-4D0D-8572-60EDBA74C209}.Debug|Any CPU.Build.0 = Debug|Any CPU
		{14A64F35-D71B-4D0D-8572-60EDBA74C209}.Release|Any CPU.ActiveCfg = Release|Any CPU
		{14A64F35-D71B-4D0D-8572-60EDBA74C209}.Release|Any CPU.Build.0 = Release|Any CPU
	EndGlobalSection
	GlobalSection(SolutionProperties) = preSolution
		HideSolutionNode = FALSE
	EndGlobalSection
	GlobalSection(ExtensibilityGlobals) = postSolution
		SolutionGuid = {E280547B-91CA-4069-92AC-5E15571A3BA8}
	EndGlobalSection
EndGlobal
